
Microsoft Visual Studio Solution File, Format Version 12.00
# Visual Studio Version 17
VisualStudioVersion = 17.9.34622.214
MinimumVisualStudioVersion = 10.0.40219.1
Project("{8BC9CEB8-8B4A-11D0-8D11-00A0C91BC942}") = "testRPN", "testRPN\testRPN.vcxproj", "{2D10118B-773A-4D6D-8AC5-A2C378197AF4}"
EndProject
Global
	GlobalSection(SolutionConfigurationPlatforms) = preSolution
		Debug|x64 = Debug|x64
		Debug|x86 = Debug|x86
		Release|x64 = Release|x64
		Release|x86 = Release|x86
	EndGlobalSection
	GlobalSection(ProjectConfigurationPlatforms) = postSolution
		{2D10118B-773A-4D6D-8AC5-A2C378197AF4}.Debug|x64.ActiveCfg = Debug|x64
		{2D10118B-773A-4D6D-8AC5-A2C378197AF4}.Debug|x64.Build.0 = Debug|x64
		{2D10118B-773A-4D6D-8AC5-A2C378197AF4}.Debug|x86.ActiveCfg = Debug|Win32
		{2D10118B-773A-4D6D-8AC5-A2C378197AF4}.Debug|x86.Build.0 = Debug|Win32
		{2D10118B-773A-4D6D-8AC5-A2C378197AF4}.Release|x64.ActiveCfg = Release|x64
		{2D10118B-773A-4D6D-8AC5-A2C378197AF4}.Release|x64.Build.0 = Release|x64
		{2D10118B-773A-4D6D-8AC5-A2C378197AF4}.Release|x86.ActiveCfg = Release|Win32
		{2D10118B-773A-4D6D-8AC5-A2C378197AF4}.Release|x86.Build.0 = Release|Win32
	EndGlobalSection
	GlobalSection(SolutionProperties) = preSolution
		HideSolutionNode = FALSE
	EndGlobalSection
	GlobalSection(ExtensibilityGlobals) = postSolution
		SolutionGuid = {0F9DBA53-1EC9-4EB3-B789-47997C8ADD58}
	EndGlobalSection
EndGlobal
